# THIS IS AN AUTOGENERATED FILE. DO NOT EDIT THIS FILE DIRECTLY.
# yarn lockfile v1


"@types/node@*":
  version "14.14.33"
  resolved "https://registry.yarnpkg.com/@types/node/-/node-14.14.33.tgz#9e4f8c64345522e4e8ce77b334a8aaa64e2b6c78"
  integrity sha512-oJqcTrgPUF29oUP8AsUqbXGJNuPutsetaa9kTQAQce5Lx5dTYWV02ScBiT/k1BX/Z7pKeqedmvp39Wu4zR7N7g==

"@types/papaparse@^5.2.5":
  version "5.2.5"
  resolved "https://registry.yarnpkg.com/@types/papaparse/-/papaparse-5.2.5.tgz#9d3cd9d932eb0dccda9e3f73f39996c4da3fa628"
  integrity sha512-TlqGskBad6skAgx2ifQmkO/FwiwObuWltBvX2bDceQhXh9IyZ7jYCK7qwhjB67kxw+0LJDXXM4jN3lcGqm1g5w==
  dependencies:
    "@types/node" "*"

papaparse@^5.3.0:
  version "5.3.0"
  resolved "https://registry.yarnpkg.com/papaparse/-/papaparse-5.3.0.tgz#ab1702feb96e79ab4309652f36db9536563ad05a"
  integrity sha512-Lb7jN/4bTpiuGPrYy4tkKoUS8sTki8zacB5ke1p5zolhcSE4TlWgrlsxjrDTbG/dFVh07ck7X36hUf/b5V68pg==
